
Microsoft Visual Studio Solution File, Format Version 12.00
# Visual Studio Version 17
VisualStudioVersion = 17.13.35931.197 d17.13
MinimumVisualStudioVersion = 10.0.40219.1
Project("{FAE04EC0-301F-11D3-BF4B-00C04F79EFBC}") = "The_IT_book_online_shop", "The_IT_book_online_shop\The_IT_book_online_shop.csproj", "{B55F00BB-26D6-48DF-A90D-6DA9F9158CF2}"
EndProject
Global
	GlobalSection(SolutionConfigurationPlatforms) = preSolution
		Debug|Any CPU = Debug|Any CPU
		Release|Any CPU = Release|Any CPU
	EndGlobalSection
	GlobalSection(ProjectConfigurationPlatforms) = postSolution
		{B55F00BB-26D6-48DF-A90D-6DA9F9158CF2}.Debug|Any CPU.ActiveCfg = Debug|Any CPU
		{B55F00BB-26D6-48DF-A90D-6DA9F9158CF2}.Debug|Any CPU.Build.0 = Debug|Any CPU
		{B55F00BB-26D6-48DF-A90D-6DA9F9158CF2}.Release|Any CPU.ActiveCfg = Release|Any CPU
		{B55F00BB-26D6-48DF-A90D-6DA9F9158CF2}.Release|Any CPU.Build.0 = Release|Any CPU
	EndGlobalSection
	GlobalSection(SolutionProperties) = preSolution
		HideSolutionNode = FALSE
	EndGlobalSection
	GlobalSection(ExtensibilityGlobals) = postSolution
		SolutionGuid = {AAF0417E-277D-4F6D-9D01-2A933FCBBF69}
	EndGlobalSection
EndGlobal
